
Microsoft Visual Studio Solution File, Format Version 12.00
# Visual Studio 2012
Project("{FAE04EC0-301F-11D3-BF4B-00C04F79EFBC}") = "FSSServer", "FSSServer\FSSServer.csproj", "{99FA4F18-6497-401A-BFF2-43010608FDFB}"
EndProject
Global
	GlobalSection(SolutionConfigurationPlatforms) = preSolution
		Debug|Any CPU = Debug|Any CPU
		Release|Any CPU = Release|Any CPU
	EndGlobalSection
	GlobalSection(ProjectConfigurationPlatforms) = postSolution
		{99FA4F18-6497-401A-BFF2-43010608FDFB}.Debug|Any CPU.ActiveCfg = Debug|Any CPU
		{99FA4F18-6497-401A-BFF2-43010608FDFB}.Debug|Any CPU.Build.0 = Debug|Any CPU
		{99FA4F18-6497-401A-BFF2-43010608FDFB}.Release|Any CPU.ActiveCfg = Release|Any CPU
		{99FA4F18-6497-401A-BFF2-43010608FDFB}.Release|Any CPU.Build.0 = Release|Any CPU
	EndGlobalSection
	GlobalSection(SolutionProperties) = preSolution
		HideSolutionNode = FALSE
	EndGlobalSection
EndGlobal
